
Microsoft Visual Studio Solution File, Format Version 12.00
# Visual Studio Version 17
VisualStudioVersion = 17.9.34607.119
MinimumVisualStudioVersion = 10.0.40219.1
Project("{FAE04EC0-301F-11D3-BF4B-00C04F79EFBC}") = "Aula003", "Aula003\Aula003.csproj", "{1FD6786C-AFBF-4B19-8128-093BF36D31A4}"
EndProject
Global
	GlobalSection(SolutionConfigurationPlatforms) = preSolution
		Debug|Any CPU = Debug|Any CPU
		Release|Any CPU = Release|Any CPU
	EndGlobalSection
	GlobalSection(ProjectConfigurationPlatforms) = postSolution
		{1FD6786C-AFBF-4B19-8128-093BF36D31A4}.Debug|Any CPU.ActiveCfg = Debug|Any CPU
		{1FD6786C-AFBF-4B19-8128-093BF36D31A4}.Debug|Any CPU.Build.0 = Debug|Any CPU
		{1FD6786C-AFBF-4B19-8128-093BF36D31A4}.Release|Any CPU.ActiveCfg = Release|Any CPU
		{1FD6786C-AFBF-4B19-8128-093BF36D31A4}.Release|Any CPU.Build.0 = Release|Any CPU
	EndGlobalSection
	GlobalSection(SolutionProperties) = preSolution
		HideSolutionNode = FALSE
	EndGlobalSection
	GlobalSection(ExtensibilityGlobals) = postSolution
		SolutionGuid = {E228B494-0FC4-48DF-875C-D6B19DDE587D}
	EndGlobalSection
EndGlobal
